<?xml version="1.0" encoding="utf-8"?>
<Project ToolsVersion="4.0" xmlns="http://schemas.microsoft.com/developer/msbuild/2003">
  <ItemGroup>
    <ClCompile Include="DynamicTxd.cpp" />
    <ClCompile Include="Explosions.cpp" />
    <ClCompile Include="Gunflashes.cpp" />
    <ClCompile Include="Headshot.cpp" />
    <ClCompile Include="imfx.cpp" />
    <ClCompile Include="ImVerts.cpp" />
    <ClCompile Include="Lensflare.cpp" />
    <ClCompile Include="Moonphases.cpp" />
    <ClCompile Include="ProportionalCoronas.cpp" />
    <ClCompile Include="Settings.cpp" />
    <ClCompile Include="WaterDrops.cpp" />
    <ClCompile Include="DebugConsole.cpp" />
  </ItemGroup>
  <ItemGroup>
    <ClInclude Include="DynamicTxd.h" />
    <ClInclude Include="Explosions.h" />
    <ClInclude Include="Gunflashes.h" />
    <ClInclude Include="Headshot.h" />
    <ClInclude Include="imfx.h" />
    <ClInclude Include="ImVerts.h" />
    <ClInclude Include="Lensflare.h" />
    <ClInclude Include="Moonphases.h" />
    <ClInclude Include="ProportionalCoronas.h" />
    <ClInclude Include="Settings.h" />
    <ClInclude Include="WaterDrops.h" />
    <ClInclude Include="DebugConsole.h" />
  </ItemGroup>
</Project>